
Microsoft Visual Studio Solution File, Format Version 12.00
# Visual Studio Version 16
VisualStudioVersion = 16.0.29519.87
MinimumVisualStudioVersion = 10.0.40219.1
Project("{FAE04EC0-301F-11D3-BF4B-00C04F79EFBC}") = "PegsiApp.UWP", "PegsiApp\PegsiApp.UWP\PegsiApp.UWP.csproj", "{3AA2777B-21C7-4732-812A-B044B6364888}"
EndProject
Project("{FAE04EC0-301F-11D3-BF4B-00C04F79EFBC}") = "PegsiApp.Android", "PegsiApp\PegsiApp.Android\PegsiApp.Android.csproj", "{355E4DCC-4005-4953-A52C-8CF8F688D1D7}"
EndProject
Project("{FAE04EC0-301F-11D3-BF4B-00C04F79EFBC}") = "PegsiApp.iOS", "PegsiApp\PegsiApp.iOS\PegsiApp.iOS.csproj", "{14F4B35F-88B2-45EE-9ABF-E6F2F5DF3F17}"
EndProject
Project("{FAE04EC0-301F-11D3-BF4B-00C04F79EFBC}") = "PegsiApp", "PegsiApp\PegsiApp\PegsiApp.csproj", "{606FAE3E-0BD7-4454-9067-4C3BC67563B5}"
EndProject
Global
	GlobalSection(SolutionConfigurationPlatforms) = preSolution
		Debug|Any CPU = Debug|Any CPU
		Debug|ARM = Debug|ARM
		Debug|iPhone = Debug|iPhone
		Debug|iPhoneSimulator = Debug|iPhoneSimulator
		Debug|x64 = Debug|x64
		Debug|x86 = Debug|x86
		Release|Any CPU = Release|Any CPU
		Release|ARM = Release|ARM
		Release|iPhone = Release|iPhone
		Release|iPhoneSimulator = Release|iPhoneSimulator
		Release|x64 = Release|x64
		Release|x86 = Release|x86
	EndGlobalSection
	GlobalSection(ProjectConfigurationPlatforms) = postSolution
		{3AA2777B-21C7-4732-812A-B044B6364888}.Debug|Any CPU.ActiveCfg = Debug|x86
		{3AA2777B-21C7-4732-812A-B044B6364888}.Debug|ARM.ActiveCfg = Debug|ARM
		{3AA2777B-21C7-4732-812A-B044B6364888}.Debug|ARM.Build.0 = Debug|ARM
		{3AA2777B-21C7-4732-812A-B044B6364888}.Debug|ARM.Deploy.0 = Debug|ARM
		{3AA2777B-21C7-4732-812A-B044B6364888}.Debug|iPhone.ActiveCfg = Debug|x86
		{3AA2777B-21C7-4732-812A-B044B6364888}.Debug|iPhoneSimulator.ActiveCfg = Debug|x86
		{3AA2777B-21C7-4732-812A-B044B6364888}.Debug|x64.ActiveCfg = Debug|x64
		{3AA2777B-21C7-4732-812A-B044B6364888}.Debug|x64.Build.0 = Debug|x64
		{3AA2777B-21C7-4732-812A-B044B6364888}.Debug|x64.Deploy.0 = Debug|x64
		{3AA2777B-21C7-4732-812A-B044B6364888}.Debug|x86.ActiveCfg = Debug|x86
		{3AA2777B-21C7-4732-812A-B044B6364888}.Debug|x86.Build.0 = Debug|x86
		{3AA2777B-21C7-4732-812A-B044B6364888}.Debug|x86.Deploy.0 = Debug|x86
		{3AA2777B-21C7-4732-812A-B044B6364888}.Release|Any CPU.ActiveCfg = Release|x86
		{3AA2777B-21C7-4732-812A-B044B6364888}.Release|ARM.ActiveCfg = Release|ARM
		{3AA2777B-21C7-4732-812A-B044B6364888}.Release|ARM.Build.0 = Release|ARM
		{3AA2777B-21C7-4732-812A-B044B6364888}.Release|ARM.Deploy.0 = Release|ARM
		{3AA2777B-21C7-4732-812A-B044B6364888}.Release|iPhone.ActiveCfg = Release|x86
		{3AA2777B-21C7-4732-812A-B044B6364888}.Release|iPhoneSimulator.ActiveCfg = Release|x86
		{3AA2777B-21C7-4732-812A-B044B6364888}.Release|x64.ActiveCfg = Release|x64
		{3AA2777B-21C7-4732-812A-B044B6364888}.Release|x64.Build.0 = Release|x64
		{3AA2777B-21C7-4732-812A-B044B6364888}.Release|x64.Deploy.0 = Release|x64
		{3AA2777B-21C7-4732-812A-B044B6364888}.Release|x86.ActiveCfg = Release|x86
		{3AA2777B-21C7-4732-812A-B044B6364888}.Release|x86.Build.0 = Release|x86
		{3AA2777B-21C7-4732-812A-B044B6364888}.Release|x86.Deploy.0 = Release|x86
		{355E4DCC-4005-4953-A52C-8CF8F688D1D7}.Debug|Any CPU.ActiveCfg = Debug|Any CPU
		{355E4DCC-4005-4953-A52C-8CF8F688D1D7}.Debug|Any CPU.Build.0 = Debug|Any CPU
		{355E4DCC-4005-4953-A52C-8CF8F688D1D7}.Debug|Any CPU.Deploy.0 = Debug|Any CPU
		{355E4DCC-4005-4953-A52C-8CF8F688D1D7}.Debug|ARM.ActiveCfg = Debug|Any CPU
		{355E4DCC-4005-4953-A52C-8CF8F688D1D7}.Debug|ARM.Build.0 = Debug|Any CPU
		{355E4DCC-4005-4953-A52C-8CF8F688D1D7}.Debug|ARM.Deploy.0 = Debug|Any CPU
		{355E4DCC-4005-4953-A52C-8CF8F688D1D7}.Debug|iPhone.ActiveCfg = Debug|Any CPU
		{355E4DCC-4005-4953-A52C-8CF8F688D1D7}.Debug|iPhone.Build.0 = Debug|Any CPU
		{355E4DCC-4005-4953-A52C-8CF8F688D1D7}.Debug|iPhone.Deploy.0 = Debug|Any CPU
		{355E4DCC-4005-4953-A52C-8CF8F688D1D7}.Debug|iPhoneSimulator.ActiveCfg = Debug|Any CPU
		{355E4DCC-4005-4953-A52C-8CF8F688D1D7}.Debug|iPhoneSimulator.Build.0 = Debug|Any CPU
		{355E4DCC-4005-4953-A52C-8CF8F688D1D7}.Debug|iPhoneSimulator.Deploy.0 = Debug|Any CPU
		{355E4DCC-4005-4953-A52C-8CF8F688D1D7}.Debug|x64.ActiveCfg = Debug|Any CPU
		{355E4DCC-4005-4953-A52C-8CF8F688D1D7}.Debug|x64.Build.0 = Debug|Any CPU
		{355E4DCC-4005-4953-A52C-8CF8F688D1D7}.Debug|x64.Deploy.0 = Debug|Any CPU
		{355E4DCC-4005-4953-A52C-8CF8F688D1D7}.Debug|x86.ActiveCfg = Debug|Any CPU
		{355E4DCC-4005-4953-A52C-8CF8F688D1D7}.Debug|x86.Build.0 = Debug|Any CPU
		{355E4DCC-4005-4953-A52C-8CF8F688D1D7}.Debug|x86.Deploy.0 = Debug|Any CPU
		{355E4DCC-4005-4953-A52C-8CF8F688D1D7}.Release|Any CPU.ActiveCfg = Release|Any CPU
		{355E4DCC-4005-4953-A52C-8CF8F688D1D7}.Release|Any CPU.Build.0 = Release|Any CPU
		{355E4DCC-4005-4953-A52C-8CF8F688D1D7}.Release|Any CPU.Deploy.0 = Release|Any CPU
		{355E4DCC-4005-4953-A52C-8CF8F688D1D7}.Release|ARM.ActiveCfg = Release|Any CPU
		{355E4DCC-4005-4953-A52C-8CF8F688D1D7}.Release|ARM.Build.0 = Release|Any CPU
		{355E4DCC-4005-4953-A52C-8CF8F688D1D7}.Release|ARM.Deploy.0 = Release|Any CPU
		{355E4DCC-4005-4953-A52C-8CF8F688D1D7}.Release|iPhone.ActiveCfg = Release|Any CPU
		{355E4DCC-4005-4953-A52C-8CF8F688D1D7}.Release|iPhone.Build.0 = Release|Any CPU
		{355E4DCC-4005-4953-A52C-8CF8F688D1D7}.Release|iPhone.Deploy.0 = Release|Any CPU
		{355E4DCC-4005-4953-A52C-8CF8F688D1D7}.Release|iPhoneSimulator.ActiveCfg = Release|Any CPU
		{355E4DCC-4005-4953-A52C-8CF8F688D1D7}.Release|iPhoneSimulator.Build.0 = Release|Any CPU
		{355E4DCC-4005-4953-A52C-8CF8F688D1D7}.Release|iPhoneSimulator.Deploy.0 = Release|Any CPU
		{355E4DCC-4005-4953-A52C-8CF8F688D1D7}.Release|x64.ActiveCfg = Release|Any CPU
		{355E4DCC-4005-4953-A52C-8CF8F688D1D7}.Release|x64.Build.0 = Release|Any CPU
		{355E4DCC-4005-4953-A52C-8CF8F688D1D7}.Release|x64.Deploy.0 = Release|Any CPU
		{355E4DCC-4005-4953-A52C-8CF8F688D1D7}.Release|x86.ActiveCfg = Release|Any CPU
		{355E4DCC-4005-4953-A52C-8CF8F688D1D7}.Release|x86.Build.0 = Release|Any CPU
		{355E4DCC-4005-4953-A52C-8CF8F688D1D7}.Release|x86.Deploy.0 = Release|Any CPU
		{14F4B35F-88B2-45EE-9ABF-E6F2F5DF3F17}.Debug|Any CPU.ActiveCfg = Debug|iPhone
		{14F4B35F-88B2-45EE-9ABF-E6F2F5DF3F17}.Debug|ARM.ActiveCfg = Debug|iPhone
		{14F4B35F-88B2-45EE-9ABF-E6F2F5DF3F17}.Debug|iPhone.ActiveCfg = Debug|iPhone
		{14F4B35F-88B2-45EE-9ABF-E6F2F5DF3F17}.Debug|iPhone.Build.0 = Debug|iPhone
		{14F4B35F-88B2-45EE-9ABF-E6F2F5DF3F17}.Debug|iPhoneSimulator.ActiveCfg = Debug|iPhoneSimulator
		{14F4B35F-88B2-45EE-9ABF-E6F2F5DF3F17}.Debug|iPhoneSimulator.Build.0 = Debug|iPhoneSimulator
		{14F4B35F-88B2-45EE-9ABF-E6F2F5DF3F17}.Debug|x64.ActiveCfg = Debug|iPhone
		{14F4B35F-88B2-45EE-9ABF-E6F2F5DF3F17}.Debug|x86.ActiveCfg = Debug|iPhone
		{14F4B35F-88B2-45EE-9ABF-E6F2F5DF3F17}.Release|Any CPU.ActiveCfg = Release|iPhone
		{14F4B35F-88B2-45EE-9ABF-E6F2F5DF3F17}.Release|ARM.ActiveCfg = Release|iPhone
		{14F4B35F-88B2-45EE-9ABF-E6F2F5DF3F17}.Release|iPhone.ActiveCfg = Release|iPhone
		{14F4B35F-88B2-45EE-9ABF-E6F2F5DF3F17}.Release|iPhone.Build.0 = Release|iPhone
		{14F4B35F-88B2-45EE-9ABF-E6F2F5DF3F17}.Release|iPhoneSimulator.ActiveCfg = Release|iPhoneSimulator
		{14F4B35F-88B2-45EE-9ABF-E6F2F5DF3F17}.Release|iPhoneSimulator.Build.0 = Release|iPhoneSimulator
		{14F4B35F-88B2-45EE-9ABF-E6F2F5DF3F17}.Release|x64.ActiveCfg = Release|iPhone
		{14F4B35F-88B2-45EE-9ABF-E6F2F5DF3F17}.Release|x86.ActiveCfg = Release|iPhone
		{606FAE3E-0BD7-4454-9067-4C3BC67563B5}.Debug|Any CPU.ActiveCfg = Debug|Any CPU
		{606FAE3E-0BD7-4454-9067-4C3BC67563B5}.Debug|Any CPU.Build.0 = Debug|Any CPU
		{606FAE3E-0BD7-4454-9067-4C3BC67563B5}.Debug|ARM.ActiveCfg = Debug|Any CPU
		{606FAE3E-0BD7-4454-9067-4C3BC67563B5}.Debug|ARM.Build.0 = Debug|Any CPU
		{606FAE3E-0BD7-4454-9067-4C3BC67563B5}.Debug|iPhone.ActiveCfg = Debug|Any CPU
		{606FAE3E-0BD7-4454-9067-4C3BC67563B5}.Debug|iPhone.Build.0 = Debug|Any CPU
		{606FAE3E-0BD7-4454-9067-4C3BC67563B5}.Debug|iPhoneSimulator.ActiveCfg = Debug|Any CPU
		{606FAE3E-0BD7-4454-9067-4C3BC67563B5}.Debug|iPhoneSimulator.Build.0 = Debug|Any CPU
		{606FAE3E-0BD7-4454-9067-4C3BC67563B5}.Debug|x64.ActiveCfg = Debug|Any CPU
		{606FAE3E-0BD7-4454-9067-4C3BC67563B5}.Debug|x64.Build.0 = Debug|Any CPU
		{606FAE3E-0BD7-4454-9067-4C3BC67563B5}.Debug|x86.ActiveCfg = Debug|Any CPU
		{606FAE3E-0BD7-4454-9067-4C3BC67563B5}.Debug|x86.Build.0 = Debug|Any CPU
		{606FAE3E-0BD7-4454-9067-4C3BC67563B5}.Release|Any CPU.ActiveCfg = Release|Any CPU
		{606FAE3E-0BD7-4454-9067-4C3BC67563B5}.Release|Any CPU.Build.0 = Release|Any CPU
		{606FAE3E-0BD7-4454-9067-4C3BC67563B5}.Release|ARM.ActiveCfg = Release|Any CPU
		{606FAE3E-0BD7-4454-9067-4C3BC67563B5}.Release|ARM.Build.0 = Release|Any CPU
		{606FAE3E-0BD7-4454-9067-4C3BC67563B5}.Release|iPhone.ActiveCfg = Release|Any CPU
		{606FAE3E-0BD7-4454-9067-4C3BC67563B5}.Release|iPhone.Build.0 = Release|Any CPU
		{606FAE3E-0BD7-4454-9067-4C3BC67563B5}.Release|iPhoneSimulator.ActiveCfg = Release|Any CPU
		{606FAE3E-0BD7-4454-9067-4C3BC67563B5}.Release|iPhoneSimulator.Build.0 = Release|Any CPU
		{606FAE3E-0BD7-4454-9067-4C3BC67563B5}.Release|x64.ActiveCfg = Release|Any CPU
		{606FAE3E-0BD7-4454-9067-4C3BC67563B5}.Release|x64.Build.0 = Release|Any CPU
		{606FAE3E-0BD7-4454-9067-4C3BC67563B5}.Release|x86.ActiveCfg = Release|Any CPU
		{606FAE3E-0BD7-4454-9067-4C3BC67563B5}.Release|x86.Build.0 = Release|Any CPU
	EndGlobalSection
	GlobalSection(SolutionProperties) = preSolution
		HideSolutionNode = FALSE
	EndGlobalSection
	GlobalSection(ExtensibilityGlobals) = postSolution
		SolutionGuid = {97D4C94B-0C1A-4C06-A33A-AE1F4DBAFD97}
	EndGlobalSection
EndGlobal
